
Microsoft Visual Studio Solution File, Format Version 12.00
# Visual Studio Version 17
VisualStudioVersion = 17.6.33829.357
MinimumVisualStudioVersion = 10.0.40219.1
Project("{FAE04EC0-301F-11D3-BF4B-00C04F79EFBC}") = "PruebaTecnica_API", "PruebaTecnica_API.csproj", "{FF69DADC-DAE8-4285-80B3-22C168A81676}"
EndProject
Global
	GlobalSection(SolutionConfigurationPlatforms) = preSolution
		Debug|Any CPU = Debug|Any CPU
		Release|Any CPU = Release|Any CPU
	EndGlobalSection
	GlobalSection(ProjectConfigurationPlatforms) = postSolution
		{FF69DADC-DAE8-4285-80B3-22C168A81676}.Debug|Any CPU.ActiveCfg = Debug|Any CPU
		{FF69DADC-DAE8-4285-80B3-22C168A81676}.Debug|Any CPU.Build.0 = Debug|Any CPU
		{FF69DADC-DAE8-4285-80B3-22C168A81676}.Release|Any CPU.ActiveCfg = Release|Any CPU
		{FF69DADC-DAE8-4285-80B3-22C168A81676}.Release|Any CPU.Build.0 = Release|Any CPU
	EndGlobalSection
	GlobalSection(SolutionProperties) = preSolution
		HideSolutionNode = FALSE
	EndGlobalSection
	GlobalSection(ExtensibilityGlobals) = postSolution
		SolutionGuid = {106060F2-7775-4F06-B337-F095C0F95F6A}
	EndGlobalSection
EndGlobal
